
Microsoft Visual Studio Solution File, Format Version 12.00
# Visual Studio Version 17
VisualStudioVersion = 17.14.36414.22
MinimumVisualStudioVersion = 10.0.40219.1
Project("{2150E333-8FDC-42A3-9474-1A3956D46DE8}") = "src", "src", "{02EA681E-C7D8-13C7-8484-4AC65E1B71E8}"
EndProject
Project("{2150E333-8FDC-42A3-9474-1A3956D46DE8}") = "services", "services", "{6DDE6E8F-5E3A-4DAB-8208-EC79490B3B71}"
EndProject
Project("{2150E333-8FDC-42A3-9474-1A3956D46DE8}") = "catalog", "catalog", "{517BBF36-4C79-42FF-99A2-7ED0888D3FF1}"
EndProject
Project("{FAE04EC0-301F-11D3-BF4B-00C04F79EFBC}") = "NewMicroservice.Catalog.Api", "NewMicroservice.Catalog.Api\NewMicroservice.Catalog.Api.csproj", "{1B4D5F78-1730-4458-BB7A-680CCA521BF3}"
EndProject
Project("{E53339B2-1760-4266-BCC7-CA923CBCF16C}") = "docker-compose", "docker-compose.dcproj", "{81DDED9D-158B-E303-5F62-77A2896D2A5A}"
EndProject
Project("{2150E333-8FDC-42A3-9474-1A3956D46DE8}") = "shared", "shared", "{DA367192-1F38-47EF-A23E-F5267A9E8F32}"
EndProject
Project("{FAE04EC0-301F-11D3-BF4B-00C04F79EFBC}") = "NewMicroservice.Shared", "NewMicroservice.Shared\NewMicroservice.Shared.csproj", "{44F6595B-557C-5036-49F7-C0F1BD905EC7}"
EndProject
Project("{2150E333-8FDC-42A3-9474-1A3956D46DE8}") = "discount", "discount", "{0A426A69-FE8A-41D1-A2B6-E024805DE20A}"
EndProject
Project("{FAE04EC0-301F-11D3-BF4B-00C04F79EFBC}") = "NewMicroservice.Discount.Api", "NewMicroservice.Discount.Api\NewMicroservice.Discount.Api.csproj", "{DB2D0AEA-3C91-4A89-9F06-CB5AACCB94FF}"
EndProject
Project("{2150E333-8FDC-42A3-9474-1A3956D46DE8}") = "basket", "basket", "{7AA73208-2573-49B2-BB3B-17B7877BD154}"
EndProject
Project("{FAE04EC0-301F-11D3-BF4B-00C04F79EFBC}") = "NewMicroservice.Basket.Api", "NewMicroservice.Basket.Api\NewMicroservice.Basket.Api.csproj", "{663A0958-8E85-4E19-8713-EFAFA6867B5C}"
EndProject
Project("{2150E333-8FDC-42A3-9474-1A3956D46DE8}") = "file", "file", "{B7CED336-0964-4325-A198-EF654BDAE43C}"
EndProject
Project("{FAE04EC0-301F-11D3-BF4B-00C04F79EFBC}") = "NewMicroservice.File.Api", "NewMicroservice.File.Api\NewMicroservice.File.Api.csproj", "{C3840B96-471C-441A-912A-D24C9B3BB903}"
EndProject
Project("{2150E333-8FDC-42A3-9474-1A3956D46DE8}") = "order", "order", "{9A558B05-E9D5-4992-9C72-29AE8BE0F279}"
EndProject
Project("{2150E333-8FDC-42A3-9474-1A3956D46DE8}") = "api", "api", "{FC0DDFDC-2D3E-4E9D-A72A-60FAECC53206}"
EndProject
Project("{2150E333-8FDC-42A3-9474-1A3956D46DE8}") = "core", "core", "{91D34226-FD0A-42DA-9B4C-847E305F5D23}"
EndProject
Project("{2150E333-8FDC-42A3-9474-1A3956D46DE8}") = "infrastructure", "infrastructure", "{6D6EF3C0-4EE0-43B1-A6E3-3F5E51C4C4D1}"
EndProject
Project("{FAE04EC0-301F-11D3-BF4B-00C04F79EFBC}") = "NewMicroService.Order.Api", "NewMicroService.Order.Api\NewMicroService.Order.Api.csproj", "{FE60719F-5DB5-45C2-A7B5-819E3507AD8F}"
EndProject
Project("{FAE04EC0-301F-11D3-BF4B-00C04F79EFBC}") = "NewMicroService.Order.Domain", "NewMicroService.Order.Domain\NewMicroService.Order.Domain.csproj", "{94B776A1-3A42-4B77-BD1A-2A0315F41288}"
EndProject
Project("{FAE04EC0-301F-11D3-BF4B-00C04F79EFBC}") = "NewMicroService.Order.Application", "NewMicroService.Order.Application\NewMicroService.Order.Application.csproj", "{2985A8F3-6014-4D01-8257-B48CF7FF1277}"
EndProject
Project("{FAE04EC0-301F-11D3-BF4B-00C04F79EFBC}") = "NewMicroService.Order.Persistance", "NewMicroService.Order.Persistance\NewMicroService.Order.Persistance.csproj", "{33C93F01-F69F-4DB6-B262-405D6D8D816F}"
EndProject
Project("{2150E333-8FDC-42A3-9474-1A3956D46DE8}") = "payment", "payment", "{17009DE4-BAEA-410C-A477-EC4D71DC48B3}"
EndProject
Project("{FAE04EC0-301F-11D3-BF4B-00C04F79EFBC}") = "NewMicroservice.Payment.Api", "NewMicroservice.Payment.Api\NewMicroservice.Payment.Api\NewMicroservice.Payment.Api.csproj", "{EDF1BB60-E313-4B54-BB08-4063D887B8BC}"
EndProject
Project("{FAE04EC0-301F-11D3-BF4B-00C04F79EFBC}") = "NewMicroservice.Gateway", "NewMicroservice.Gateway\NewMicroservice.Gateway.csproj", "{9E3D4142-F8E2-45C3-B2EF-E209519A8D21}"
EndProject
Project("{FAE04EC0-301F-11D3-BF4B-00C04F79EFBC}") = "NewMicroservice.Bus", "NewMicroservice.Bus\NewMicroservice.Bus.csproj", "{39CEA76D-09D8-42EB-BFAD-4B2DA192E9B3}"
EndProject
Project("{2150E333-8FDC-42A3-9474-1A3956D46DE8}") = "gateway", "gateway", "{F4803BDF-CD59-4316-B812-BFBDF3A97BA8}"
EndProject
Global
	GlobalSection(SolutionConfigurationPlatforms) = preSolution
		Debug|Any CPU = Debug|Any CPU
		Debug|x64 = Debug|x64
		Debug|x86 = Debug|x86
		Release|Any CPU = Release|Any CPU
		Release|x64 = Release|x64
		Release|x86 = Release|x86
	EndGlobalSection
	GlobalSection(ProjectConfigurationPlatforms) = postSolution
		{1B4D5F78-1730-4458-BB7A-680CCA521BF3}.Debug|Any CPU.ActiveCfg = Debug|Any CPU
		{1B4D5F78-1730-4458-BB7A-680CCA521BF3}.Debug|Any CPU.Build.0 = Debug|Any CPU
		{1B4D5F78-1730-4458-BB7A-680CCA521BF3}.Debug|x64.ActiveCfg = Debug|Any CPU
		{1B4D5F78-1730-4458-BB7A-680CCA521BF3}.Debug|x64.Build.0 = Debug|Any CPU
		{1B4D5F78-1730-4458-BB7A-680CCA521BF3}.Debug|x86.ActiveCfg = Debug|Any CPU
		{1B4D5F78-1730-4458-BB7A-680CCA521BF3}.Debug|x86.Build.0 = Debug|Any CPU
		{1B4D5F78-1730-4458-BB7A-680CCA521BF3}.Release|Any CPU.ActiveCfg = Release|Any CPU
		{1B4D5F78-1730-4458-BB7A-680CCA521BF3}.Release|Any CPU.Build.0 = Release|Any CPU
		{1B4D5F78-1730-4458-BB7A-680CCA521BF3}.Release|x64.ActiveCfg = Release|Any CPU
		{1B4D5F78-1730-4458-BB7A-680CCA521BF3}.Release|x64.Build.0 = Release|Any CPU
		{1B4D5F78-1730-4458-BB7A-680CCA521BF3}.Release|x86.ActiveCfg = Release|Any CPU
		{1B4D5F78-1730-4458-BB7A-680CCA521BF3}.Release|x86.Build.0 = Release|Any CPU
		{81DDED9D-158B-E303-5F62-77A2896D2A5A}.Debug|Any CPU.ActiveCfg = Debug|Any CPU
		{81DDED9D-158B-E303-5F62-77A2896D2A5A}.Debug|Any CPU.Build.0 = Debug|Any CPU
		{81DDED9D-158B-E303-5F62-77A2896D2A5A}.Debug|x64.ActiveCfg = Debug|x64
		{81DDED9D-158B-E303-5F62-77A2896D2A5A}.Debug|x86.ActiveCfg = Debug|x86
		{81DDED9D-158B-E303-5F62-77A2896D2A5A}.Release|Any CPU.ActiveCfg = Release|Any CPU
		{81DDED9D-158B-E303-5F62-77A2896D2A5A}.Release|Any CPU.Build.0 = Release|Any CPU
		{81DDED9D-158B-E303-5F62-77A2896D2A5A}.Release|x64.ActiveCfg = Release|x64
		{81DDED9D-158B-E303-5F62-77A2896D2A5A}.Release|x86.ActiveCfg = Release|x86
		{44F6595B-557C-5036-49F7-C0F1BD905EC7}.Debug|Any CPU.ActiveCfg = Debug|Any CPU
		{44F6595B-557C-5036-49F7-C0F1BD905EC7}.Debug|Any CPU.Build.0 = Debug|Any CPU
		{44F6595B-557C-5036-49F7-C0F1BD905EC7}.Debug|x64.ActiveCfg = Debug|Any CPU
		{44F6595B-557C-5036-49F7-C0F1BD905EC7}.Debug|x64.Build.0 = Debug|Any CPU
		{44F6595B-557C-5036-49F7-C0F1BD905EC7}.Debug|x86.ActiveCfg = Debug|Any CPU
		{44F6595B-557C-5036-49F7-C0F1BD905EC7}.Debug|x86.Build.0 = Debug|Any CPU
		{44F6595B-557C-5036-49F7-C0F1BD905EC7}.Release|Any CPU.ActiveCfg = Release|Any CPU
		{44F6595B-557C-5036-49F7-C0F1BD905EC7}.Release|Any CPU.Build.0 = Release|Any CPU
		{44F6595B-557C-5036-49F7-C0F1BD905EC7}.Release|x64.ActiveCfg = Release|Any CPU
		{44F6595B-557C-5036-49F7-C0F1BD905EC7}.Release|x64.Build.0 = Release|Any CPU
		{44F6595B-557C-5036-49F7-C0F1BD905EC7}.Release|x86.ActiveCfg = Release|Any CPU
		{44F6595B-557C-5036-49F7-C0F1BD905EC7}.Release|x86.Build.0 = Release|Any CPU
		{DB2D0AEA-3C91-4A89-9F06-CB5AACCB94FF}.Debug|Any CPU.ActiveCfg = Debug|Any CPU
		{DB2D0AEA-3C91-4A89-9F06-CB5AACCB94FF}.Debug|Any CPU.Build.0 = Debug|Any CPU
		{DB2D0AEA-3C91-4A89-9F06-CB5AACCB94FF}.Debug|x64.ActiveCfg = Debug|Any CPU
		{DB2D0AEA-3C91-4A89-9F06-CB5AACCB94FF}.Debug|x64.Build.0 = Debug|Any CPU
		{DB2D0AEA-3C91-4A89-9F06-CB5AACCB94FF}.Debug|x86.ActiveCfg = Debug|Any CPU
		{DB2D0AEA-3C91-4A89-9F06-CB5AACCB94FF}.Debug|x86.Build.0 = Debug|Any CPU
		{DB2D0AEA-3C91-4A89-9F06-CB5AACCB94FF}.Release|Any CPU.ActiveCfg = Release|Any CPU
		{DB2D0AEA-3C91-4A89-9F06-CB5AACCB94FF}.Release|Any CPU.Build.0 = Release|Any CPU
		{DB2D0AEA-3C91-4A89-9F06-CB5AACCB94FF}.Release|x64.ActiveCfg = Release|Any CPU
		{DB2D0AEA-3C91-4A89-9F06-CB5AACCB94FF}.Release|x64.Build.0 = Release|Any CPU
		{DB2D0AEA-3C91-4A89-9F06-CB5AACCB94FF}.Release|x86.ActiveCfg = Release|Any CPU
		{DB2D0AEA-3C91-4A89-9F06-CB5AACCB94FF}.Release|x86.Build.0 = Release|Any CPU
		{663A0958-8E85-4E19-8713-EFAFA6867B5C}.Debug|Any CPU.ActiveCfg = Debug|Any CPU
		{663A0958-8E85-4E19-8713-EFAFA6867B5C}.Debug|Any CPU.Build.0 = Debug|Any CPU
		{663A0958-8E85-4E19-8713-EFAFA6867B5C}.Debug|x64.ActiveCfg = Debug|Any CPU
		{663A0958-8E85-4E19-8713-EFAFA6867B5C}.Debug|x64.Build.0 = Debug|Any CPU
		{663A0958-8E85-4E19-8713-EFAFA6867B5C}.Debug|x86.ActiveCfg = Debug|Any CPU
		{663A0958-8E85-4E19-8713-EFAFA6867B5C}.Debug|x86.Build.0 = Debug|Any CPU
		{663A0958-8E85-4E19-8713-EFAFA6867B5C}.Release|Any CPU.ActiveCfg = Release|Any CPU
		{663A0958-8E85-4E19-8713-EFAFA6867B5C}.Release|Any CPU.Build.0 = Release|Any CPU
		{663A0958-8E85-4E19-8713-EFAFA6867B5C}.Release|x64.ActiveCfg = Release|Any CPU
		{663A0958-8E85-4E19-8713-EFAFA6867B5C}.Release|x64.Build.0 = Release|Any CPU
		{663A0958-8E85-4E19-8713-EFAFA6867B5C}.Release|x86.ActiveCfg = Release|Any CPU
		{663A0958-8E85-4E19-8713-EFAFA6867B5C}.Release|x86.Build.0 = Release|Any CPU
		{C3840B96-471C-441A-912A-D24C9B3BB903}.Debug|Any CPU.ActiveCfg = Debug|Any CPU
		{C3840B96-471C-441A-912A-D24C9B3BB903}.Debug|Any CPU.Build.0 = Debug|Any CPU
		{C3840B96-471C-441A-912A-D24C9B3BB903}.Debug|x64.ActiveCfg = Debug|Any CPU
		{C3840B96-471C-441A-912A-D24C9B3BB903}.Debug|x64.Build.0 = Debug|Any CPU
		{C3840B96-471C-441A-912A-D24C9B3BB903}.Debug|x86.ActiveCfg = Debug|Any CPU
		{C3840B96-471C-441A-912A-D24C9B3BB903}.Debug|x86.Build.0 = Debug|Any CPU
		{C3840B96-471C-441A-912A-D24C9B3BB903}.Release|Any CPU.ActiveCfg = Release|Any CPU
		{C3840B96-471C-441A-912A-D24C9B3BB903}.Release|Any CPU.Build.0 = Release|Any CPU
		{C3840B96-471C-441A-912A-D24C9B3BB903}.Release|x64.ActiveCfg = Release|Any CPU
		{C3840B96-471C-441A-912A-D24C9B3BB903}.Release|x64.Build.0 = Release|Any CPU
		{C3840B96-471C-441A-912A-D24C9B3BB903}.Release|x86.ActiveCfg = Release|Any CPU
		{C3840B96-471C-441A-912A-D24C9B3BB903}.Release|x86.Build.0 = Release|Any CPU
		{FE60719F-5DB5-45C2-A7B5-819E3507AD8F}.Debug|Any CPU.ActiveCfg = Debug|Any CPU
		{FE60719F-5DB5-45C2-A7B5-819E3507AD8F}.Debug|Any CPU.Build.0 = Debug|Any CPU
		{FE60719F-5DB5-45C2-A7B5-819E3507AD8F}.Debug|x64.ActiveCfg = Debug|Any CPU
		{FE60719F-5DB5-45C2-A7B5-819E3507AD8F}.Debug|x64.Build.0 = Debug|Any CPU
		{FE60719F-5DB5-45C2-A7B5-819E3507AD8F}.Debug|x86.ActiveCfg = Debug|Any CPU
		{FE60719F-5DB5-45C2-A7B5-819E3507AD8F}.Debug|x86.Build.0 = Debug|Any CPU
		{FE60719F-5DB5-45C2-A7B5-819E3507AD8F}.Release|Any CPU.ActiveCfg = Release|Any CPU
		{FE60719F-5DB5-45C2-A7B5-819E3507AD8F}.Release|Any CPU.Build.0 = Release|Any CPU
		{FE60719F-5DB5-45C2-A7B5-819E3507AD8F}.Release|x64.ActiveCfg = Release|Any CPU
		{FE60719F-5DB5-45C2-A7B5-819E3507AD8F}.Release|x64.Build.0 = Release|Any CPU
		{FE60719F-5DB5-45C2-A7B5-819E3507AD8F}.Release|x86.ActiveCfg = Release|Any CPU
		{FE60719F-5DB5-45C2-A7B5-819E3507AD8F}.Release|x86.Build.0 = Release|Any CPU
		{94B776A1-3A42-4B77-BD1A-2A0315F41288}.Debug|Any CPU.ActiveCfg = Debug|Any CPU
		{94B776A1-3A42-4B77-BD1A-2A0315F41288}.Debug|Any CPU.Build.0 = Debug|Any CPU
		{94B776A1-3A42-4B77-BD1A-2A0315F41288}.Debug|x64.ActiveCfg = Debug|Any CPU
		{94B776A1-3A42-4B77-BD1A-2A0315F41288}.Debug|x64.Build.0 = Debug|Any CPU
		{94B776A1-3A42-4B77-BD1A-2A0315F41288}.Debug|x86.ActiveCfg = Debug|Any CPU
		{94B776A1-3A42-4B77-BD1A-2A0315F41288}.Debug|x86.Build.0 = Debug|Any CPU
		{94B776A1-3A42-4B77-BD1A-2A0315F41288}.Release|Any CPU.ActiveCfg = Release|Any CPU
		{94B776A1-3A42-4B77-BD1A-2A0315F41288}.Release|Any CPU.Build.0 = Release|Any CPU
		{94B776A1-3A42-4B77-BD1A-2A0315F41288}.Release|x64.ActiveCfg = Release|Any CPU
		{94B776A1-3A42-4B77-BD1A-2A0315F41288}.Release|x64.Build.0 = Release|Any CPU
		{94B776A1-3A42-4B77-BD1A-2A0315F41288}.Release|x86.ActiveCfg = Release|Any CPU
		{94B776A1-3A42-4B77-BD1A-2A0315F41288}.Release|x86.Build.0 = Release|Any CPU
		{2985A8F3-6014-4D01-8257-B48CF7FF1277}.Debug|Any CPU.ActiveCfg = Debug|Any CPU
		{2985A8F3-6014-4D01-8257-B48CF7FF1277}.Debug|Any CPU.Build.0 = Debug|Any CPU
		{2985A8F3-6014-4D01-8257-B48CF7FF1277}.Debug|x64.ActiveCfg = Debug|Any CPU
		{2985A8F3-6014-4D01-8257-B48CF7FF1277}.Debug|x64.Build.0 = Debug|Any CPU
		{2985A8F3-6014-4D01-8257-B48CF7FF1277}.Debug|x86.ActiveCfg = Debug|Any CPU
		{2985A8F3-6014-4D01-8257-B48CF7FF1277}.Debug|x86.Build.0 = Debug|Any CPU
		{2985A8F3-6014-4D01-8257-B48CF7FF1277}.Release|Any CPU.ActiveCfg = Release|Any CPU
		{2985A8F3-6014-4D01-8257-B48CF7FF1277}.Release|Any CPU.Build.0 = Release|Any CPU
		{2985A8F3-6014-4D01-8257-B48CF7FF1277}.Release|x64.ActiveCfg = Release|Any CPU
		{2985A8F3-6014-4D01-8257-B48CF7FF1277}.Release|x64.Build.0 = Release|Any CPU
		{2985A8F3-6014-4D01-8257-B48CF7FF1277}.Release|x86.ActiveCfg = Release|Any CPU
		{2985A8F3-6014-4D01-8257-B48CF7FF1277}.Release|x86.Build.0 = Release|Any CPU
		{33C93F01-F69F-4DB6-B262-405D6D8D816F}.Debug|Any CPU.ActiveCfg = Debug|Any CPU
		{33C93F01-F69F-4DB6-B262-405D6D8D816F}.Debug|Any CPU.Build.0 = Debug|Any CPU
		{33C93F01-F69F-4DB6-B262-405D6D8D816F}.Debug|x64.ActiveCfg = Debug|Any CPU
		{33C93F01-F69F-4DB6-B262-405D6D8D816F}.Debug|x64.Build.0 = Debug|Any CPU
		{33C93F01-F69F-4DB6-B262-405D6D8D816F}.Debug|x86.ActiveCfg = Debug|Any CPU
		{33C93F01-F69F-4DB6-B262-405D6D8D816F}.Debug|x86.Build.0 = Debug|Any CPU
		{33C93F01-F69F-4DB6-B262-405D6D8D816F}.Release|Any CPU.ActiveCfg = Release|Any CPU
		{33C93F01-F69F-4DB6-B262-405D6D8D816F}.Release|Any CPU.Build.0 = Release|Any CPU
		{33C93F01-F69F-4DB6-B262-405D6D8D816F}.Release|x64.ActiveCfg = Release|Any CPU
		{33C93F01-F69F-4DB6-B262-405D6D8D816F}.Release|x64.Build.0 = Release|Any CPU
		{33C93F01-F69F-4DB6-B262-405D6D8D816F}.Release|x86.ActiveCfg = Release|Any CPU
		{33C93F01-F69F-4DB6-B262-405D6D8D816F}.Release|x86.Build.0 = Release|Any CPU
		{EDF1BB60-E313-4B54-BB08-4063D887B8BC}.Debug|Any CPU.ActiveCfg = Debug|Any CPU
		{EDF1BB60-E313-4B54-BB08-4063D887B8BC}.Debug|Any CPU.Build.0 = Debug|Any CPU
		{EDF1BB60-E313-4B54-BB08-4063D887B8BC}.Debug|x64.ActiveCfg = Debug|Any CPU
		{EDF1BB60-E313-4B54-BB08-4063D887B8BC}.Debug|x64.Build.0 = Debug|Any CPU
		{EDF1BB60-E313-4B54-BB08-4063D887B8BC}.Debug|x86.ActiveCfg = Debug|Any CPU
		{EDF1BB60-E313-4B54-BB08-4063D887B8BC}.Debug|x86.Build.0 = Debug|Any CPU
		{EDF1BB60-E313-4B54-BB08-4063D887B8BC}.Release|Any CPU.ActiveCfg = Release|Any CPU
		{EDF1BB60-E313-4B54-BB08-4063D887B8BC}.Release|Any CPU.Build.0 = Release|Any CPU
		{EDF1BB60-E313-4B54-BB08-4063D887B8BC}.Release|x64.ActiveCfg = Release|Any CPU
		{EDF1BB60-E313-4B54-BB08-4063D887B8BC}.Release|x64.Build.0 = Release|Any CPU
		{EDF1BB60-E313-4B54-BB08-4063D887B8BC}.Release|x86.ActiveCfg = Release|Any CPU
		{EDF1BB60-E313-4B54-BB08-4063D887B8BC}.Release|x86.Build.0 = Release|Any CPU
		{9E3D4142-F8E2-45C3-B2EF-E209519A8D21}.Debug|Any CPU.ActiveCfg = Debug|Any CPU
		{9E3D4142-F8E2-45C3-B2EF-E209519A8D21}.Debug|Any CPU.Build.0 = Debug|Any CPU
		{9E3D4142-F8E2-45C3-B2EF-E209519A8D21}.Debug|x64.ActiveCfg = Debug|Any CPU
		{9E3D4142-F8E2-45C3-B2EF-E209519A8D21}.Debug|x64.Build.0 = Debug|Any CPU
		{9E3D4142-F8E2-45C3-B2EF-E209519A8D21}.Debug|x86.ActiveCfg = Debug|Any CPU
		{9E3D4142-F8E2-45C3-B2EF-E209519A8D21}.Debug|x86.Build.0 = Debug|Any CPU
		{9E3D4142-F8E2-45C3-B2EF-E209519A8D21}.Release|Any CPU.ActiveCfg = Release|Any CPU
		{9E3D4142-F8E2-45C3-B2EF-E209519A8D21}.Release|Any CPU.Build.0 = Release|Any CPU
		{9E3D4142-F8E2-45C3-B2EF-E209519A8D21}.Release|x64.ActiveCfg = Release|Any CPU
		{9E3D4142-F8E2-45C3-B2EF-E209519A8D21}.Release|x64.Build.0 = Release|Any CPU
		{9E3D4142-F8E2-45C3-B2EF-E209519A8D21}.Release|x86.ActiveCfg = Release|Any CPU
		{9E3D4142-F8E2-45C3-B2EF-E209519A8D21}.Release|x86.Build.0 = Release|Any CPU
		{39CEA76D-09D8-42EB-BFAD-4B2DA192E9B3}.Debug|Any CPU.ActiveCfg = Debug|Any CPU
		{39CEA76D-09D8-42EB-BFAD-4B2DA192E9B3}.Debug|Any CPU.Build.0 = Debug|Any CPU
		{39CEA76D-09D8-42EB-BFAD-4B2DA192E9B3}.Debug|x64.ActiveCfg = Debug|Any CPU
		{39CEA76D-09D8-42EB-BFAD-4B2DA192E9B3}.Debug|x64.Build.0 = Debug|Any CPU
		{39CEA76D-09D8-42EB-BFAD-4B2DA192E9B3}.Debug|x86.ActiveCfg = Debug|Any CPU
		{39CEA76D-09D8-42EB-BFAD-4B2DA192E9B3}.Debug|x86.Build.0 = Debug|Any CPU
		{39CEA76D-09D8-42EB-BFAD-4B2DA192E9B3}.Release|Any CPU.ActiveCfg = Release|Any CPU
		{39CEA76D-09D8-42EB-BFAD-4B2DA192E9B3}.Release|Any CPU.Build.0 = Release|Any CPU
		{39CEA76D-09D8-42EB-BFAD-4B2DA192E9B3}.Release|x64.ActiveCfg = Release|Any CPU
		{39CEA76D-09D8-42EB-BFAD-4B2DA192E9B3}.Release|x64.Build.0 = Release|Any CPU
		{39CEA76D-09D8-42EB-BFAD-4B2DA192E9B3}.Release|x86.ActiveCfg = Release|Any CPU
		{39CEA76D-09D8-42EB-BFAD-4B2DA192E9B3}.Release|x86.Build.0 = Release|Any CPU
	EndGlobalSection
	GlobalSection(SolutionProperties) = preSolution
		HideSolutionNode = FALSE
	EndGlobalSection
	GlobalSection(NestedProjects) = preSolution
		{6DDE6E8F-5E3A-4DAB-8208-EC79490B3B71} = {02EA681E-C7D8-13C7-8484-4AC65E1B71E8}
		{517BBF36-4C79-42FF-99A2-7ED0888D3FF1} = {6DDE6E8F-5E3A-4DAB-8208-EC79490B3B71}
		{1B4D5F78-1730-4458-BB7A-680CCA521BF3} = {517BBF36-4C79-42FF-99A2-7ED0888D3FF1}
		{44F6595B-557C-5036-49F7-C0F1BD905EC7} = {DA367192-1F38-47EF-A23E-F5267A9E8F32}
		{0A426A69-FE8A-41D1-A2B6-E024805DE20A} = {6DDE6E8F-5E3A-4DAB-8208-EC79490B3B71}
		{DB2D0AEA-3C91-4A89-9F06-CB5AACCB94FF} = {0A426A69-FE8A-41D1-A2B6-E024805DE20A}
		{7AA73208-2573-49B2-BB3B-17B7877BD154} = {6DDE6E8F-5E3A-4DAB-8208-EC79490B3B71}
		{663A0958-8E85-4E19-8713-EFAFA6867B5C} = {7AA73208-2573-49B2-BB3B-17B7877BD154}
		{B7CED336-0964-4325-A198-EF654BDAE43C} = {6DDE6E8F-5E3A-4DAB-8208-EC79490B3B71}
		{C3840B96-471C-441A-912A-D24C9B3BB903} = {B7CED336-0964-4325-A198-EF654BDAE43C}
		{9A558B05-E9D5-4992-9C72-29AE8BE0F279} = {6DDE6E8F-5E3A-4DAB-8208-EC79490B3B71}
		{FC0DDFDC-2D3E-4E9D-A72A-60FAECC53206} = {9A558B05-E9D5-4992-9C72-29AE8BE0F279}
		{91D34226-FD0A-42DA-9B4C-847E305F5D23} = {9A558B05-E9D5-4992-9C72-29AE8BE0F279}
		{6D6EF3C0-4EE0-43B1-A6E3-3F5E51C4C4D1} = {9A558B05-E9D5-4992-9C72-29AE8BE0F279}
		{FE60719F-5DB5-45C2-A7B5-819E3507AD8F} = {FC0DDFDC-2D3E-4E9D-A72A-60FAECC53206}
		{94B776A1-3A42-4B77-BD1A-2A0315F41288} = {91D34226-FD0A-42DA-9B4C-847E305F5D23}
		{2985A8F3-6014-4D01-8257-B48CF7FF1277} = {91D34226-FD0A-42DA-9B4C-847E305F5D23}
		{33C93F01-F69F-4DB6-B262-405D6D8D816F} = {6D6EF3C0-4EE0-43B1-A6E3-3F5E51C4C4D1}
		{17009DE4-BAEA-410C-A477-EC4D71DC48B3} = {6DDE6E8F-5E3A-4DAB-8208-EC79490B3B71}
		{EDF1BB60-E313-4B54-BB08-4063D887B8BC} = {17009DE4-BAEA-410C-A477-EC4D71DC48B3}
		{9E3D4142-F8E2-45C3-B2EF-E209519A8D21} = {F4803BDF-CD59-4316-B812-BFBDF3A97BA8}
		{39CEA76D-09D8-42EB-BFAD-4B2DA192E9B3} = {DA367192-1F38-47EF-A23E-F5267A9E8F32}
		{F4803BDF-CD59-4316-B812-BFBDF3A97BA8} = {6DDE6E8F-5E3A-4DAB-8208-EC79490B3B71}
	EndGlobalSection
	GlobalSection(ExtensibilityGlobals) = postSolution
		SolutionGuid = {383823F6-9500-416A-95BF-B23EC41137A8}
	EndGlobalSection
EndGlobal
