
Microsoft Visual Studio Solution File, Format Version 12.00
# Visual Studio Version 17
VisualStudioVersion = 17.14.36414.22
MinimumVisualStudioVersion = 10.0.40219.1
Project("{2150E333-8FDC-42A3-9474-1A3956D46DE8}") = "src", "src", "{02EA681E-C7D8-13C7-8484-4AC65E1B71E8}"
EndProject
Project("{2150E333-8FDC-42A3-9474-1A3956D46DE8}") = "services", "services", "{6DDE6E8F-5E3A-4DAB-8208-EC79490B3B71}"
EndProject
Project("{2150E333-8FDC-42A3-9474-1A3956D46DE8}") = "catalog", "catalog", "{517BBF36-4C79-42FF-99A2-7ED0888D3FF1}"
EndProject
Project("{FAE04EC0-301F-11D3-BF4B-00C04F79EFBC}") = "NewMicroservice.Catalog.Api", "NewMicroservice.Catalog.Api\NewMicroservice.Catalog.Api.csproj", "{1B4D5F78-1730-4458-BB7A-680CCA521BF3}"
EndProject
Project("{E53339B2-1760-4266-BCC7-CA923CBCF16C}") = "docker-compose", "docker-compose.dcproj", "{81DDED9D-158B-E303-5F62-77A2896D2A5A}"
EndProject
Project("{2150E333-8FDC-42A3-9474-1A3956D46DE8}") = "shared", "shared", "{DA367192-1F38-47EF-A23E-F5267A9E8F32}"
EndProject
Project("{FAE04EC0-301F-11D3-BF4B-00C04F79EFBC}") = "NewMicroservice.Shared", "NewMicroservice.Shared\NewMicroservice.Shared.csproj", "{44F6595B-557C-5036-49F7-C0F1BD905EC7}"
EndProject
Project("{2150E333-8FDC-42A3-9474-1A3956D46DE8}") = "discount", "discount", "{0A426A69-FE8A-41D1-A2B6-E024805DE20A}"
EndProject
Project("{FAE04EC0-301F-11D3-BF4B-00C04F79EFBC}") = "NewMicroservice.Discount.Api", "NewMicroservice.Discount.Api\NewMicroservice.Discount.Api.csproj", "{DB2D0AEA-3C91-4A89-9F06-CB5AACCB94FF}"
EndProject
Project("{2150E333-8FDC-42A3-9474-1A3956D46DE8}") = "basket", "basket", "{7AA73208-2573-49B2-BB3B-17B7877BD154}"
EndProject
Project("{FAE04EC0-301F-11D3-BF4B-00C04F79EFBC}") = "NewMicroservice.Basket.Api", "NewMicroservice.Basket.Api\NewMicroservice.Basket.Api.csproj", "{663A0958-8E85-4E19-8713-EFAFA6867B5C}"
EndProject
Project("{2150E333-8FDC-42A3-9474-1A3956D46DE8}") = "file", "file", "{B7CED336-0964-4325-A198-EF654BDAE43C}"
EndProject
Project("{FAE04EC0-301F-11D3-BF4B-00C04F79EFBC}") = "NewMicroservice.File.Api", "NewMicroservice.File.Api\NewMicroservice.File.Api.csproj", "{C3840B96-471C-441A-912A-D24C9B3BB903}"
EndProject
Global
	GlobalSection(SolutionConfigurationPlatforms) = preSolution
		Debug|Any CPU = Debug|Any CPU
		Release|Any CPU = Release|Any CPU
	EndGlobalSection
	GlobalSection(ProjectConfigurationPlatforms) = postSolution
		{1B4D5F78-1730-4458-BB7A-680CCA521BF3}.Debug|Any CPU.ActiveCfg = Debug|Any CPU
		{1B4D5F78-1730-4458-BB7A-680CCA521BF3}.Debug|Any CPU.Build.0 = Debug|Any CPU
		{1B4D5F78-1730-4458-BB7A-680CCA521BF3}.Release|Any CPU.ActiveCfg = Release|Any CPU
		{1B4D5F78-1730-4458-BB7A-680CCA521BF3}.Release|Any CPU.Build.0 = Release|Any CPU
		{81DDED9D-158B-E303-5F62-77A2896D2A5A}.Debug|Any CPU.ActiveCfg = Debug|Any CPU
		{81DDED9D-158B-E303-5F62-77A2896D2A5A}.Debug|Any CPU.Build.0 = Debug|Any CPU
		{81DDED9D-158B-E303-5F62-77A2896D2A5A}.Release|Any CPU.ActiveCfg = Release|Any CPU
		{81DDED9D-158B-E303-5F62-77A2896D2A5A}.Release|Any CPU.Build.0 = Release|Any CPU
		{44F6595B-557C-5036-49F7-C0F1BD905EC7}.Debug|Any CPU.ActiveCfg = Debug|Any CPU
		{44F6595B-557C-5036-49F7-C0F1BD905EC7}.Debug|Any CPU.Build.0 = Debug|Any CPU
		{44F6595B-557C-5036-49F7-C0F1BD905EC7}.Release|Any CPU.ActiveCfg = Release|Any CPU
		{44F6595B-557C-5036-49F7-C0F1BD905EC7}.Release|Any CPU.Build.0 = Release|Any CPU
		{DB2D0AEA-3C91-4A89-9F06-CB5AACCB94FF}.Debug|Any CPU.ActiveCfg = Debug|Any CPU
		{DB2D0AEA-3C91-4A89-9F06-CB5AACCB94FF}.Debug|Any CPU.Build.0 = Debug|Any CPU
		{DB2D0AEA-3C91-4A89-9F06-CB5AACCB94FF}.Release|Any CPU.ActiveCfg = Release|Any CPU
		{DB2D0AEA-3C91-4A89-9F06-CB5AACCB94FF}.Release|Any CPU.Build.0 = Release|Any CPU
		{663A0958-8E85-4E19-8713-EFAFA6867B5C}.Debug|Any CPU.ActiveCfg = Debug|Any CPU
		{663A0958-8E85-4E19-8713-EFAFA6867B5C}.Debug|Any CPU.Build.0 = Debug|Any CPU
		{663A0958-8E85-4E19-8713-EFAFA6867B5C}.Release|Any CPU.ActiveCfg = Release|Any CPU
		{663A0958-8E85-4E19-8713-EFAFA6867B5C}.Release|Any CPU.Build.0 = Release|Any CPU
		{C3840B96-471C-441A-912A-D24C9B3BB903}.Debug|Any CPU.ActiveCfg = Debug|Any CPU
		{C3840B96-471C-441A-912A-D24C9B3BB903}.Debug|Any CPU.Build.0 = Debug|Any CPU
		{C3840B96-471C-441A-912A-D24C9B3BB903}.Release|Any CPU.ActiveCfg = Release|Any CPU
		{C3840B96-471C-441A-912A-D24C9B3BB903}.Release|Any CPU.Build.0 = Release|Any CPU
	EndGlobalSection
	GlobalSection(SolutionProperties) = preSolution
		HideSolutionNode = FALSE
	EndGlobalSection
	GlobalSection(NestedProjects) = preSolution
		{6DDE6E8F-5E3A-4DAB-8208-EC79490B3B71} = {02EA681E-C7D8-13C7-8484-4AC65E1B71E8}
		{517BBF36-4C79-42FF-99A2-7ED0888D3FF1} = {6DDE6E8F-5E3A-4DAB-8208-EC79490B3B71}
		{1B4D5F78-1730-4458-BB7A-680CCA521BF3} = {517BBF36-4C79-42FF-99A2-7ED0888D3FF1}
		{44F6595B-557C-5036-49F7-C0F1BD905EC7} = {DA367192-1F38-47EF-A23E-F5267A9E8F32}
		{0A426A69-FE8A-41D1-A2B6-E024805DE20A} = {6DDE6E8F-5E3A-4DAB-8208-EC79490B3B71}
		{DB2D0AEA-3C91-4A89-9F06-CB5AACCB94FF} = {0A426A69-FE8A-41D1-A2B6-E024805DE20A}
		{7AA73208-2573-49B2-BB3B-17B7877BD154} = {6DDE6E8F-5E3A-4DAB-8208-EC79490B3B71}
		{663A0958-8E85-4E19-8713-EFAFA6867B5C} = {7AA73208-2573-49B2-BB3B-17B7877BD154}
		{B7CED336-0964-4325-A198-EF654BDAE43C} = {6DDE6E8F-5E3A-4DAB-8208-EC79490B3B71}
		{C3840B96-471C-441A-912A-D24C9B3BB903} = {B7CED336-0964-4325-A198-EF654BDAE43C}
	EndGlobalSection
	GlobalSection(ExtensibilityGlobals) = postSolution
		SolutionGuid = {383823F6-9500-416A-95BF-B23EC41137A8}
	EndGlobalSection
EndGlobal
